
Microsoft Visual Studio Solution File, Format Version 12.00
# Visual Studio 14
VisualStudioVersion = 14.0.23107.0
MinimumVisualStudioVersion = 10.0.40219.1
Project("{FAE04EC0-301F-11D3-BF4B-00C04F79EFBC}") = "Labnth", "Labnth\Labnth.csproj", "{DE74F4F8-95EF-488E-8595-C5B2A8AD97D8}"
EndProject
Project("{FAE04EC0-301F-11D3-BF4B-00C04F79EFBC}") = "Maze", "Maze\Maze.csproj", "{217C1206-8FBD-48AD-A36E-EE99DD78D513}"
EndProject
Global
	GlobalSection(SolutionConfigurationPlatforms) = preSolution
		Debug|Any CPU = Debug|Any CPU
		Release|Any CPU = Release|Any CPU
	EndGlobalSection
	GlobalSection(ProjectConfigurationPlatforms) = postSolution
		{DE74F4F8-95EF-488E-8595-C5B2A8AD97D8}.Debug|Any CPU.ActiveCfg = Debug|Any CPU
		{DE74F4F8-95EF-488E-8595-C5B2A8AD97D8}.Debug|Any CPU.Build.0 = Debug|Any CPU
		{DE74F4F8-95EF-488E-8595-C5B2A8AD97D8}.Release|Any CPU.ActiveCfg = Release|Any CPU
		{DE74F4F8-95EF-488E-8595-C5B2A8AD97D8}.Release|Any CPU.Build.0 = Release|Any CPU
		{217C1206-8FBD-48AD-A36E-EE99DD78D513}.Debug|Any CPU.ActiveCfg = Debug|Any CPU
		{217C1206-8FBD-48AD-A36E-EE99DD78D513}.Debug|Any CPU.Build.0 = Debug|Any CPU
		{217C1206-8FBD-48AD-A36E-EE99DD78D513}.Release|Any CPU.ActiveCfg = Release|Any CPU
		{217C1206-8FBD-48AD-A36E-EE99DD78D513}.Release|Any CPU.Build.0 = Release|Any CPU
	EndGlobalSection
	GlobalSection(SolutionProperties) = preSolution
		HideSolutionNode = FALSE
	EndGlobalSection
EndGlobal
